// !$*UTF8*$!
{
	archiveVersion = 1;
	classes = {
	};
	objectVersion = 77;
	objects = {

/* Begin PBXContainerItemProxy section */
		CEBA4DC02F763EBB00AF7CE7 /* PBXContainerItemProxy */ = {
			isa = PBXContainerItemProxy;
			containerPortal = CEBA4DA82F763EBB00AF7CE7 /* Project object */;
			proxyType = 1;
			remoteGlobalIDString = CEBA4DAF2F763EBB00AF7CE7;
			remoteInfo = Delegator;
		};
		CEBA4DCA2F763EBC00AF7CE7 /* PBXContainerItemProxy */ = {
			isa = PBXContainerItemProxy;
			containerPortal = CEBA4DA82F763EBB00AF7CE7 /* Project object */;
			proxyType = 1;
			remoteGlobalIDString = CEBA4DAF2F763EBB00AF7CE7;
			remoteInfo = Delegator;
		};
/* End PBXContainerItemProxy section */

/* Begin PBXFileReference section */
		CEBA4DB02F763EBB00AF7CE7 /* Delegator.app */ = {isa = PBXFileReference; explicitFileType = wrapper.application; includeInIndex = 0; path = Delegator.app; sourceTree = BUILT_PRODUCTS_DIR; };
		CEBA4DBF2F763EBB00AF7CE7 /* DelegatorTests.xctest */ = {isa = PBXFileReference; explicitFileType = wrapper.cfbundle; includeInIndex = 0; path = DelegatorTests.xctest; sourceTree = BUILT_PRODUCTS_DIR; };
		CEBA4DC92F763EBC00AF7CE7 /* DelegatorUITests.xctest */ = {isa = PBXFileReference; explicitFileType = wrapper.cfbundle; includeInIndex = 0; path = DelegatorUITests.xctest; sourceTree = BUILT_PRODUCTS_DIR; };
/* End PBXFileReference section */

/* Begin PBXFileSystemSynchronizedRootGroup section */
		CEBA4DB22F763EBB00AF7CE7 /* Delegator */ = {
			isa = PBXFileSystemSynchronizedRootGroup;
			path = Delegator;
			sourceTree = "<group>";
		};
		CEBA4DC22F763EBB00AF7CE7 /* DelegatorTests */ = {
			isa = PBXFileSystemSynchronizedRootGroup;
			path = DelegatorTests;
			sourceTree = "<group>";
		};
		CEBA4DCC2F763EBC00AF7CE7 /* DelegatorUITests */ = {
			isa = PBXFileSystemSynchronizedRootGroup;
			path = DelegatorUITests;
			sourceTree = "<group>";
		};
/* End PBXFileSystemSynchronizedRootGroup section */

/* Begin PBXFrameworksBuildPhase section */
		CEBA4DAD2F763EBB00AF7CE7 /* Frameworks */ = {
			isa = PBXFrameworksBuildPhase;
			buildActionMask = 2147483647;
			files = (
			);
			runOnlyForDeploymentPostprocessing = 0;
		};
		CEBA4DBC2F763EBB00AF7CE7 /* Frameworks */ = {
			isa = PBXFrameworksBuildPhase;
			buildActionMask = 2147483647;
			files = (
			);
			runOnlyForDeploymentPostprocessing = 0;
		};
		CEBA4DC62F763EBC00AF7CE7 /* Frameworks */ = {
			isa = PBXFrameworksBuildPhase;
			buildActionMask = 2147483647;
			files = (
			);
			runOnlyForDeploymentPostprocessing = 0;
		};
/* End PBXFrameworksBuildPhase section */

/* Begin PBXGroup section */
		CEBA4DA72F763EBB00AF7CE7 = {
			isa = PBXGroup;
			children = (
				CEBA4DB22F763EBB00AF7CE7 /* Delegator */,
				CEBA4DC22F763EBB00AF7CE7 /* DelegatorTests */,
				CEBA4DCC2F763EBC00AF7CE7 /* DelegatorUITests */,
				CEBA4DB12F763EBB00AF7CE7 /* Products */,
			);
			sourceTree = "<group>";
		};
		CEBA4DB12F763EBB00AF7CE7 /* Products */ = {
			isa = PBXGroup;
			children = (
				CEBA4DB02F763EBB00AF7CE7 /* Delegator.app */,
				CEBA4DBF2F763EBB00AF7CE7 /* DelegatorTests.xctest */,
				CEBA4DC92F763EBC00AF7CE7 /* DelegatorUITests.xctest */,
			);
			name = Products;
			sourceTree = "<group>";
		};
/* End PBXGroup section */

/* Begin PBXNativeTarget section */
		CEBA4DAF2F763EBB00AF7CE7 /* Delegator */ = {
			isa = PBXNativeTarget;
			buildConfigurationList = CEBA4DD32F763EBC00AF7CE7 /* Build configuration list for PBXNativeTarget "Delegator" */;
			buildPhases = (
				CEBA4DAC2F763EBB00AF7CE7 /* Sources */,
				CEBA4DAD2F763EBB00AF7CE7 /* Frameworks */,
				CEBA4DAE2F763EBB00AF7CE7 /* Resources */,
			);
			buildRules = (
			);
			dependencies = (
			);
			fileSystemSynchronizedGroups = (
				CEBA4DB22F763EBB00AF7CE7 /* Delegator */,
			);
			name = Delegator;
			packageProductDependencies = (
			);
			productName = Delegator;
			productReference = CEBA4DB02F763EBB00AF7CE7 /* Delegator.app */;
			productType = "com.apple.product-type.application";
		};
		CEBA4DBE2F763EBB00AF7CE7 /* DelegatorTests */ = {
			isa = PBXNativeTarget;
			buildConfigurationList = CEBA4DD62F763EBC00AF7CE7 /* Build configuration list for PBXNativeTarget "DelegatorTests" */;
			buildPhases = (
				CEBA4DBB2F763EBB00AF7CE7 /* Sources */,
				CEBA4DBC2F763EBB00AF7CE7 /* Frameworks */,
				CEBA4DBD2F763EBB00AF7CE7 /* Resources */,
			);
			buildRules = (
			);
			dependencies = (
				CEBA4DC12F763EBB00AF7CE7 /* PBXTargetDependency */,
			);
			fileSystemSynchronizedGroups = (
				CEBA4DC22F763EBB00AF7CE7 /* DelegatorTests */,
			);
			name = DelegatorTests;
			packageProductDependencies = (
			);
			productName = DelegatorTests;
			productReference = CEBA4DBF2F763EBB00AF7CE7 /* DelegatorTests.xctest */;
			productType = "com.apple.product-type.bundle.unit-test";
		};
		CEBA4DC82F763EBC00AF7CE7 /* DelegatorUITests */ = {
			isa = PBXNativeTarget;
			buildConfigurationList = CEBA4DD92F763EBC00AF7CE7 /* Build configuration list for PBXNativeTarget "DelegatorUITests" */;
			buildPhases = (
				CEBA4DC52F763EBC00AF7CE7 /* Sources */,
				CEBA4DC62F763EBC00AF7CE7 /* Frameworks */,
				CEBA4DC72F763EBC00AF7CE7 /* Resources */,
			);
			buildRules = (
			);
			dependencies = (
				CEBA4DCB2F763EBC00AF7CE7 /* PBXTargetDependency */,
			);
			fileSystemSynchronizedGroups = (
				CEBA4DCC2F763EBC00AF7CE7 /* DelegatorUITests */,
			);
			name = DelegatorUITests;
			packageProductDependencies = (
			);
			productName = DelegatorUITests;
			productReference = CEBA4DC92F763EBC00AF7CE7 /* DelegatorUITests.xctest */;
			productType = "com.apple.product-type.bundle.ui-testing";
		};
/* End PBXNativeTarget section */

/* Begin PBXProject section */
		CEBA4DA82F763EBB00AF7CE7 /* Project object */ = {
			isa = PBXProject;
			attributes = {
				BuildIndependentTargetsInParallel = 1;
				LastSwiftUpdateCheck = 2630;
				LastUpgradeCheck = 2630;
				TargetAttributes = {
					CEBA4DAF2F763EBB00AF7CE7 = {
						CreatedOnToolsVersion = 26.3;
					};
					CEBA4DBE2F763EBB00AF7CE7 = {
						CreatedOnToolsVersion = 26.3;
						TestTargetID = CEBA4DAF2F763EBB00AF7CE7;
					};
					CEBA4DC82F763EBC00AF7CE7 = {
						CreatedOnToolsVersion = 26.3;
						TestTargetID = CEBA4DAF2F763EBB00AF7CE7;
					};
				};
			};
			buildConfigurationList = CEBA4DAB2F763EBB00AF7CE7 /* Build configuration list for PBXProject "Delegator" */;
			developmentRegion = en;
			hasScannedForEncodings = 0;
			knownRegions = (
				en,
				Base,
			);
			mainGroup = CEBA4DA72F763EBB00AF7CE7;
			minimizedProjectReferenceProxies = 1;
			preferredProjectObjectVersion = 77;
			productRefGroup = CEBA4DB12F763EBB00AF7CE7 /* Products */;
			projectDirPath = "";
			projectRoot = "";
			targets = (
				CEBA4DAF2F763EBB00AF7CE7 /* Delegator */,
				CEBA4DBE2F763EBB00AF7CE7 /* DelegatorTests */,
				CEBA4DC82F763EBC00AF7CE7 /* DelegatorUITests */,
			);
		};
/* End PBXProject section */

/* Begin PBXResourcesBuildPhase section */
		CEBA4DAE2F763EBB00AF7CE7 /* Resources */ = {
			isa = PBXResourcesBuildPhase;
			buildActionMask = 2147483647;
			files = (
			);
			runOnlyForDeploymentPostprocessing = 0;
		};
		CEBA4DBD2F763EBB00AF7CE7 /* Resources */ = {
			isa = PBXResourcesBuildPhase;
			buildActionMask = 2147483647;
			files = (
			);
			runOnlyForDeploymentPostprocessing = 0;
		};
		CEBA4DC72F763EBC00AF7CE7 /* Resources */ = {
			isa = PBXResourcesBuildPhase;
			buildActionMask = 2147483647;
			files = (
			);
			runOnlyForDeploymentPostprocessing = 0;
		};
/* End PBXResourcesBuildPhase section */

/* Begin PBXSourcesBuildPhase section */
		CEBA4DAC2F763EBB00AF7CE7 /* Sources */ = {
			isa = PBXSourcesBuildPhase;
			buildActionMask = 2147483647;
			files = (
			);
			runOnlyForDeploymentPostprocessing = 0;
		};
		CEBA4DBB2F763EBB00AF7CE7 /* Sources */ = {
			isa = PBXSourcesBuildPhase;
			buildActionMask = 2147483647;
			files = (
			);
			runOnlyForDeploymentPostprocessing = 0;
		};
		CEBA4DC52F763EBC00AF7CE7 /* Sources */ = {
			isa = PBXSourcesBuildPhase;
			buildActionMask = 2147483647;
			files = (
			);
			runOnlyForDeploymentPostprocessing = 0;
		};
/* End PBXSourcesBuildPhase section */

/* Begin PBXTargetDependency section */
		CEBA4DC12F763EBB00AF7CE7 /* PBXTargetDependency */ = {
			isa = PBXTargetDependency;
			target = CEBA4DAF2F763EBB00AF7CE7 /* Delegator */;
			targetProxy = CEBA4DC02F763EBB00AF7CE7 /* PBXContainerItemProxy */;
		};
		CEBA4DCB2F763EBC00AF7CE7 /* PBXTargetDependency */ = {
			isa = PBXTargetDependency;
			target = CEBA4DAF2F763EBB00AF7CE7 /* Delegator */;
			targetProxy = CEBA4DCA2F763EBC00AF7CE7 /* PBXContainerItemProxy */;
		};
/* End PBXTargetDependency section */

/* Begin XCBuildConfiguration section */
		CEBA4DD12F763EBC00AF7CE7 /* Debug */ = {
			isa = XCBuildConfiguration;
			buildSettings = {
				ALWAYS_SEARCH_USER_PATHS = NO;
				ASSETCATALOG_COMPILER_GENERATE_SWIFT_ASSET_SYMBOL_EXTENSIONS = YES;
				CLANG_ANALYZER_NONNULL = YES;
				CLANG_ANALYZER_NUMBER_OBJECT_CONVERSION = YES_AGGRESSIVE;
				CLANG_CXX_LANGUAGE_STANDARD = "gnu++20";
				CLANG_ENABLE_MODULES = YES;
				CLANG_ENABLE_OBJC_ARC = YES;
				CLANG_ENABLE_OBJC_WEAK = YES;
				CLANG_WARN_BLOCK_CAPTURE_AUTORELEASING = YES;
				CLANG_WARN_BOOL_CONVERSION = YES;
				CLANG_WARN_COMMA = YES;
				CLANG_WARN_CONSTANT_CONVERSION = YES;
				CLANG_WARN_DEPRECATED_OBJC_IMPLEMENTATIONS = YES;
				CLANG_WARN_DIRECT_OBJC_ISA_USAGE = YES_ERROR;
				CLANG_WARN_DOCUMENTATION_COMMENTS = YES;
				CLANG_WARN_EMPTY_BODY = YES;
				CLANG_WARN_ENUM_CONVERSION = YES;
				CLANG_WARN_INFINITE_RECURSION = YES;
				CLANG_WARN_INT_CONVERSION = YES;
				CLANG_WARN_NON_LITERAL_NULL_CONVERSION = YES;
				CLANG_WARN_OBJC_IMPLICIT_RETAIN_SELF = YES;
				CLANG_WARN_OBJC_LITERAL_CONVERSION = YES;
				CLANG_WARN_OBJC_ROOT_CLASS = YES_ERROR;
				CLANG_WARN_QUOTED_INCLUDE_IN_FRAMEWORK_HEADER = YES;
				CLANG_WARN_RANGE_LOOP_ANALYSIS = YES;
				CLANG_WARN_STRICT_PROTOTYPES = YES;
				CLANG_WARN_SUSPICIOUS_MOVE = YES;
				CLANG_WARN_UNGUARDED_AVAILABILITY = YES_AGGRESSIVE;
				CLANG_WARN_UNREACHABLE_CODE = YES;
				CLANG_WARN__DUPLICATE_METHOD_MATCH = YES;
				COPY_PHASE_STRIP = NO;
				DEBUG_INFORMATION_FORMAT = dwarf;
				DEVELOPMENT_TEAM = S4L9N7M884;
				ENABLE_STRICT_OBJC_MSGSEND = YES;
				ENABLE_TESTABILITY = YES;
				ENABLE_USER_SCRIPT_SANDBOXING = YES;
				GCC_C_LANGUAGE_STANDARD = gnu17;
				GCC_DYNAMIC_NO_PIC = NO;
				GCC_NO_COMMON_BLOCKS = YES;
				GCC_OPTIMIZATION_LEVEL = 0;
				GCC_PREPROCESSOR_DEFINITIONS = (
					"DEBUG=1",
					"$(inherited)",
				);
				GCC_WARN_64_TO_32_BIT_CONVERSION = YES;
				GCC_WARN_ABOUT_RETURN_TYPE = YES_ERROR;
				GCC_WARN_UNDECLARED_SELECTOR = YES;
				GCC_WARN_UNINITIALIZED_AUTOS = YES_AGGRESSIVE;
				GCC_WARN_UNUSED_FUNCTION = YES;
				GCC_WARN_UNUSED_VARIABLE = YES;
				IPHONEOS_DEPLOYMENT_TARGET = 26.2;
				LOCALIZATION_PREFERS_STRING_CATALOGS = YES;
				MTL_ENABLE_DEBUG_INFO = INCLUDE_SOURCE;
				MTL_FAST_MATH = YES;
				ONLY_ACTIVE_ARCH = YES;
				SDKROOT = iphoneos;
				SWIFT_ACTIVE_COMPILATION_CONDITIONS = "DEBUG $(inherited)";
				SWIFT_OPTIMIZATION_LEVEL = "-Onone";
			};
			name = Debug;
		};
		CEBA4DD22F763EBC00AF7CE7 /* Release */ = {
			isa = XCBuildConfiguration;
			buildSettings = {
				ALWAYS_SEARCH_USER_PATHS = NO;
				ASSETCATALOG_COMPILER_GENERATE_SWIFT_ASSET_SYMBOL_EXTENSIONS = YES;
				CLANG_ANALYZER_NONNULL = YES;
				CLANG_ANALYZER_NUMBER_OBJECT_CONVERSION = YES_AGGRESSIVE;
				CLANG_CXX_LANGUAGE_STANDARD = "gnu++20";
				CLANG_ENABLE_MODULES = YES;
				CLANG_ENABLE_OBJC_ARC = YES;
				CLANG_ENABLE_OBJC_WEAK = YES;
				CLANG_WARN_BLOCK_CAPTURE_AUTORELEASING = YES;
				CLANG_WARN_BOOL_CONVERSION = YES;
				CLANG_WARN_COMMA = YES;
				CLANG_WARN_CONSTANT_CONVERSION = YES;
				CLANG_WARN_DEPRECATED_OBJC_IMPLEMENTATIONS = YES;
				CLANG_WARN_DIRECT_OBJC_ISA_USAGE = YES_ERROR;
				CLANG_WARN_DOCUMENTATION_COMMENTS = YES;
				CLANG_WARN_EMPTY_BODY = YES;
				CLANG_WARN_ENUM_CONVERSION = YES;
				CLANG_WARN_INFINITE_RECURSION = YES;
				CLANG_WARN_INT_CONVERSION = YES;
				CLANG_WARN_NON_LITERAL_NULL_CONVERSION = YES;
				CLANG_WARN_OBJC_IMPLICIT_RETAIN_SELF = YES;
				CLANG_WARN_OBJC_LITERAL_CONVERSION = YES;
				CLANG_WARN_OBJC_ROOT_CLASS = YES_ERROR;
				CLANG_WARN_QUOTED_INCLUDE_IN_FRAMEWORK_HEADER = YES;
				CLANG_WARN_RANGE_LOOP_ANALYSIS = YES;
				CLANG_WARN_STRICT_PROTOTYPES = YES;
				CLANG_WARN_SUSPICIOUS_MOVE = YES;
				CLANG_WARN_UNGUARDED_AVAILABILITY = YES_AGGRESSIVE;
				CLANG_WARN_UNREACHABLE_CODE = YES;
				CLANG_WARN__DUPLICATE_METHOD_MATCH = YES;
				COPY_PHASE_STRIP = NO;
				DEBUG_INFORMATION_FORMAT = "dwarf-with-dsym";
				DEVELOPMENT_TEAM = S4L9N7M884;
				ENABLE_NS_ASSERTIONS = NO;
				ENABLE_STRICT_OBJC_MSGSEND = YES;
				ENABLE_USER_SCRIPT_SANDBOXING = YES;
				GCC_C_LANGUAGE_STANDARD = gnu17;
				GCC_NO_COMMON_BLOCKS = YES;
				GCC_WARN_64_TO_32_BIT_CONVERSION = YES;
				GCC_WARN_ABOUT_RETURN_TYPE = YES_ERROR;
				GCC_WARN_UNDECLARED_SELECTOR = YES;
				GCC_WARN_UNINITIALIZED_AUTOS = YES_AGGRESSIVE;
				GCC_WARN_UNUSED_FUNCTION = YES;
				GCC_WARN_UNUSED_VARIABLE = YES;
				IPHONEOS_DEPLOYMENT_TARGET = 26.2;
				LOCALIZATION_PREFERS_STRING_CATALOGS = YES;
				MTL_ENABLE_DEBUG_INFO = NO;
				MTL_FAST_MATH = YES;
				SDKROOT = iphoneos;
				SWIFT_COMPILATION_MODE = wholemodule;
				VALIDATE_PRODUCT = YES;
			};
			name = Release;
		};
		CEBA4DD42F763EBC00AF7CE7 /* Debug */ = {
			isa = XCBuildConfiguration;
			buildSettings = {
				ASSETCATALOG_COMPILER_APPICON_NAME = AppIcon;
				ASSETCATALOG_COMPILER_GLOBAL_ACCENT_COLOR_NAME = AccentColor;
				CODE_SIGN_STYLE = Automatic;
				CURRENT_PROJECT_VERSION = 1;
				DEVELOPMENT_TEAM = S4L9N7M884;
				ENABLE_PREVIEWS = YES;
				GENERATE_INFOPLIST_FILE = YES;
				INFOPLIST_FILE = Info.plist;
				INFOPLIST_KEY_NSCameraUsageDescription = "Delegator uses the camera to scan QR codes for gateway connection setup.";
				INFOPLIST_KEY_UIApplicationSceneManifest_Generation = YES;
				INFOPLIST_KEY_UIApplicationSupportsIndirectInputEvents = YES;
				INFOPLIST_KEY_UILaunchScreen_Generation = YES;
				INFOPLIST_KEY_UISupportedInterfaceOrientations_iPad = "UIInterfaceOrientationPortrait UIInterfaceOrientationPortraitUpsideDown UIInterfaceOrientationLandscapeLeft UIInterfaceOrientationLandscapeRight";
				INFOPLIST_KEY_UISupportedInterfaceOrientations_iPhone = "UIInterfaceOrientationPortrait UIInterfaceOrientationLandscapeLeft UIInterfaceOrientationLandscapeRight";
				LD_RUNPATH_SEARCH_PATHS = (
					"$(inherited)",
					"@executable_path/Frameworks",
				);
				MARKETING_VERSION = 1.0;
				PRODUCT_BUNDLE_IDENTIFIER = "jacob-cuthbertson.Delegator";
				PRODUCT_NAME = "$(TARGET_NAME)";
				STRING_CATALOG_GENERATE_SYMBOLS = YES;
				SWIFT_APPROACHABLE_CONCURRENCY = YES;
				SWIFT_DEFAULT_ACTOR_ISOLATION = MainActor;
				SWIFT_EMIT_LOC_STRINGS = YES;
				SWIFT_UPCOMING_FEATURE_MEMBER_IMPORT_VISIBILITY = YES;
				SWIFT_VERSION = 6.0;
				TARGETED_DEVICE_FAMILY = "1,2";
			};
			name = Debug;
		};
		CEBA4DD52F763EBC00AF7CE7 /* Release */ = {
			isa = XCBuildConfiguration;
			buildSettings = {
				ASSETCATALOG_COMPILER_APPICON_NAME = AppIcon;
				ASSETCATALOG_COMPILER_GLOBAL_ACCENT_COLOR_NAME = AccentColor;
				CODE_SIGN_STYLE = Automatic;
				CURRENT_PROJECT_VERSION = 1;
				DEVELOPMENT_TEAM = S4L9N7M884;
				ENABLE_PREVIEWS = YES;
				GENERATE_INFOPLIST_FILE = YES;
				INFOPLIST_FILE = Info.plist;
				INFOPLIST_KEY_NSCameraUsageDescription = "Delegator uses the camera to scan QR codes for gateway connection setup.";
				INFOPLIST_KEY_UIApplicationSceneManifest_Generation = YES;
				INFOPLIST_KEY_UIApplicationSupportsIndirectInputEvents = YES;
				INFOPLIST_KEY_UILaunchScreen_Generation = YES;
				INFOPLIST_KEY_UISupportedInterfaceOrientations_iPad = "UIInterfaceOrientationPortrait UIInterfaceOrientationPortraitUpsideDown UIInterfaceOrientationLandscapeLeft UIInterfaceOrientationLandscapeRight";
				INFOPLIST_KEY_UISupportedInterfaceOrientations_iPhone = "UIInterfaceOrientationPortrait UIInterfaceOrientationLandscapeLeft UIInterfaceOrientationLandscapeRight";
				LD_RUNPATH_SEARCH_PATHS = (
					"$(inherited)",
					"@executable_path/Frameworks",
				);
				MARKETING_VERSION = 1.0;
				PRODUCT_BUNDLE_IDENTIFIER = "jacob-cuthbertson.Delegator";
				PRODUCT_NAME = "$(TARGET_NAME)";
				STRING_CATALOG_GENERATE_SYMBOLS = YES;
				SWIFT_APPROACHABLE_CONCURRENCY = YES;
				SWIFT_DEFAULT_ACTOR_ISOLATION = MainActor;
				SWIFT_EMIT_LOC_STRINGS = YES;
				SWIFT_UPCOMING_FEATURE_MEMBER_IMPORT_VISIBILITY = YES;
				SWIFT_VERSION = 6.0;
				TARGETED_DEVICE_FAMILY = "1,2";
			};
			name = Release;
		};
		CEBA4DD72F763EBC00AF7CE7 /* Debug */ = {
			isa = XCBuildConfiguration;
			buildSettings = {
				BUNDLE_LOADER = "$(TEST_HOST)";
				CODE_SIGN_STYLE = Automatic;
				CURRENT_PROJECT_VERSION = 1;
				DEVELOPMENT_TEAM = S4L9N7M884;
				GENERATE_INFOPLIST_FILE = YES;
				IPHONEOS_DEPLOYMENT_TARGET = 26.2;
				MARKETING_VERSION = 1.0;
				PRODUCT_BUNDLE_IDENTIFIER = "jacob-cuthbertson.DelegatorTests";
				PRODUCT_NAME = "$(TARGET_NAME)";
				STRING_CATALOG_GENERATE_SYMBOLS = NO;
				SWIFT_APPROACHABLE_CONCURRENCY = YES;
				SWIFT_EMIT_LOC_STRINGS = NO;
				SWIFT_UPCOMING_FEATURE_MEMBER_IMPORT_VISIBILITY = YES;
				SWIFT_VERSION = 6.0;
				TARGETED_DEVICE_FAMILY = "1,2";
				TEST_HOST = "$(BUILT_PRODUCTS_DIR)/Delegator.app/$(BUNDLE_EXECUTABLE_FOLDER_PATH)/Delegator";
			};
			name = Debug;
		};
		CEBA4DD82F763EBC00AF7CE7 /* Release */ = {
			isa = XCBuildConfiguration;
			buildSettings = {
				BUNDLE_LOADER = "$(TEST_HOST)";
				CODE_SIGN_STYLE = Automatic;
				CURRENT_PROJECT_VERSION = 1;
				DEVELOPMENT_TEAM = S4L9N7M884;
				GENERATE_INFOPLIST_FILE = YES;
				IPHONEOS_DEPLOYMENT_TARGET = 26.2;
				MARKETING_VERSION = 1.0;
				PRODUCT_BUNDLE_IDENTIFIER = "jacob-cuthbertson.DelegatorTests";
				PRODUCT_NAME = "$(TARGET_NAME)";
				STRING_CATALOG_GENERATE_SYMBOLS = NO;
				SWIFT_APPROACHABLE_CONCURRENCY = YES;
				SWIFT_EMIT_LOC_STRINGS = NO;
				SWIFT_UPCOMING_FEATURE_MEMBER_IMPORT_VISIBILITY = YES;
				SWIFT_VERSION = 6.0;
				TARGETED_DEVICE_FAMILY = "1,2";
				TEST_HOST = "$(BUILT_PRODUCTS_DIR)/Delegator.app/$(BUNDLE_EXECUTABLE_FOLDER_PATH)/Delegator";
			};
			name = Release;
		};
		CEBA4DDA2F763EBC00AF7CE7 /* Debug */ = {
			isa = XCBuildConfiguration;
			buildSettings = {
				CODE_SIGN_STYLE = Automatic;
				CURRENT_PROJECT_VERSION = 1;
				DEVELOPMENT_TEAM = S4L9N7M884;
				GENERATE_INFOPLIST_FILE = YES;
				MARKETING_VERSION = 1.0;
				PRODUCT_BUNDLE_IDENTIFIER = "jacob-cuthbertson.DelegatorUITests";
				PRODUCT_NAME = "$(TARGET_NAME)";
				STRING_CATALOG_GENERATE_SYMBOLS = NO;
				SWIFT_APPROACHABLE_CONCURRENCY = YES;
				SWIFT_EMIT_LOC_STRINGS = NO;
				SWIFT_UPCOMING_FEATURE_MEMBER_IMPORT_VISIBILITY = YES;
				SWIFT_VERSION = 6.0;
				TARGETED_DEVICE_FAMILY = "1,2";
				TEST_TARGET_NAME = Delegator;
			};
			name = Debug;
		};
		CEBA4DDB2F763EBC00AF7CE7 /* Release */ = {
			isa = XCBuildConfiguration;
			buildSettings = {
				CODE_SIGN_STYLE = Automatic;
				CURRENT_PROJECT_VERSION = 1;
				DEVELOPMENT_TEAM = S4L9N7M884;
				GENERATE_INFOPLIST_FILE = YES;
				MARKETING_VERSION = 1.0;
				PRODUCT_BUNDLE_IDENTIFIER = "jacob-cuthbertson.DelegatorUITests";
				PRODUCT_NAME = "$(TARGET_NAME)";
				STRING_CATALOG_GENERATE_SYMBOLS = NO;
				SWIFT_APPROACHABLE_CONCURRENCY = YES;
				SWIFT_EMIT_LOC_STRINGS = NO;
				SWIFT_UPCOMING_FEATURE_MEMBER_IMPORT_VISIBILITY = YES;
				SWIFT_VERSION = 6.0;
				TARGETED_DEVICE_FAMILY = "1,2";
				TEST_TARGET_NAME = Delegator;
			};
			name = Release;
		};
/* End XCBuildConfiguration section */

/* Begin XCConfigurationList section */
		CEBA4DAB2F763EBB00AF7CE7 /* Build configuration list for PBXProject "Delegator" */ = {
			isa = XCConfigurationList;
			buildConfigurations = (
				CEBA4DD12F763EBC00AF7CE7 /* Debug */,
				CEBA4DD22F763EBC00AF7CE7 /* Release */,
			);
			defaultConfigurationIsVisible = 0;
			defaultConfigurationName = Release;
		};
		CEBA4DD32F763EBC00AF7CE7 /* Build configuration list for PBXNativeTarget "Delegator" */ = {
			isa = XCConfigurationList;
			buildConfigurations = (
				CEBA4DD42F763EBC00AF7CE7 /* Debug */,
				CEBA4DD52F763EBC00AF7CE7 /* Release */,
			);
			defaultConfigurationIsVisible = 0;
			defaultConfigurationName = Release;
		};
		CEBA4DD62F763EBC00AF7CE7 /* Build configuration list for PBXNativeTarget "DelegatorTests" */ = {
			isa = XCConfigurationList;
			buildConfigurations = (
				CEBA4DD72F763EBC00AF7CE7 /* Debug */,
				CEBA4DD82F763EBC00AF7CE7 /* Release */,
			);
			defaultConfigurationIsVisible = 0;
			defaultConfigurationName = Release;
		};
		CEBA4DD92F763EBC00AF7CE7 /* Build configuration list for PBXNativeTarget "DelegatorUITests" */ = {
			isa = XCConfigurationList;
			buildConfigurations = (
				CEBA4DDA2F763EBC00AF7CE7 /* Debug */,
				CEBA4DDB2F763EBC00AF7CE7 /* Release */,
			);
			defaultConfigurationIsVisible = 0;
			defaultConfigurationName = Release;
		};
/* End XCConfigurationList section */
	};
	rootObject = CEBA4DA82F763EBB00AF7CE7 /* Project object */;
}
